{
    "_meta": {
        "hash": {
            "sha256": "432eacca132ba2ce827b4631ebc20c3ca1694c81234a93a3e66d80aaefc68601"
        },
        "pipfile-spec": 6,
        "requires": {
            "python_version": "3.8"
        },
        "sources": [
            {
                "name": "pypi",
                "url": "https://pypi.org/simple",
                "verify_ssl": true
            }
        ]
    },
    "default": {
        "httplib2": {
            "hashes": [
                "sha256:0efbcb8bfbfbc11578130d87d8afcc65c2274c6eb446e59fc674e4d7c972d327",
                "sha256:8fa4dbf2fbf839b71f8c7837a831e00fcdc860feca99b8bda58ceae4bc53d185"
            ],
            "index": "pypi",
            "version": "==0.20.1"
        },
        "pyparsing": {
            "hashes": [
                "sha256:c203ec8783bf771a155b207279b9bccb8dea02d8f0c9e5f8ead507bc3246ecc1",
                "sha256:ef9d7589ef3c200abe66653d3f1ab1033c3c419ae9b9bdb1240a85b024efc88b"
            ],
            "markers": "python_version >= '2.6' and python_version not in '3.0, 3.1, 3.2, 3.3'",
            "version": "==2.4.7"
        }
    },
    "develop": {}
}
